
Microsoft Visual Studio Solution File, Format Version 12.00
# Visual Studio Version 17
VisualStudioVersion = 17.13.35828.75 d17.13
MinimumVisualStudioVersion = 10.0.40219.1
Project("{8BC9CEB8-8B4A-11D0-8D11-00A0C91BC942}") = "2025.03.21", "2025.03.21.vcxproj", "{9D7B311C-479D-4EDD-8B72-A6D717DB9C8A}"
EndProject
Global
	GlobalSection(SolutionConfigurationPlatforms) = preSolution
		Debug|ARM64 = Debug|ARM64
		Debug|x64 = Debug|x64
		Debug|x86 = Debug|x86
		Release|ARM64 = Release|ARM64
		Release|x64 = Release|x64
		Release|x86 = Release|x86
	EndGlobalSection
	GlobalSection(ProjectConfigurationPlatforms) = postSolution
		{9D7B311C-479D-4EDD-8B72-A6D717DB9C8A}.Debug|ARM64.ActiveCfg = Debug|ARM64
		{9D7B311C-479D-4EDD-8B72-A6D717DB9C8A}.Debug|ARM64.Build.0 = Debug|ARM64
		{9D7B311C-479D-4EDD-8B72-A6D717DB9C8A}.Debug|x64.ActiveCfg = Debug|x64
		{9D7B311C-479D-4EDD-8B72-A6D717DB9C8A}.Debug|x64.Build.0 = Debug|x64
		{9D7B311C-479D-4EDD-8B72-A6D717DB9C8A}.Debug|x86.ActiveCfg = Debug|Win32
		{9D7B311C-479D-4EDD-8B72-A6D717DB9C8A}.Debug|x86.Build.0 = Debug|Win32
		{9D7B311C-479D-4EDD-8B72-A6D717DB9C8A}.Release|ARM64.ActiveCfg = Release|ARM64
		{9D7B311C-479D-4EDD-8B72-A6D717DB9C8A}.Release|ARM64.Build.0 = Release|ARM64
		{9D7B311C-479D-4EDD-8B72-A6D717DB9C8A}.Release|x64.ActiveCfg = Release|x64
		{9D7B311C-479D-4EDD-8B72-A6D717DB9C8A}.Release|x64.Build.0 = Release|x64
		{9D7B311C-479D-4EDD-8B72-A6D717DB9C8A}.Release|x86.ActiveCfg = Release|Win32
		{9D7B311C-479D-4EDD-8B72-A6D717DB9C8A}.Release|x86.Build.0 = Release|Win32
	EndGlobalSection
	GlobalSection(SolutionProperties) = preSolution
		HideSolutionNode = FALSE
	EndGlobalSection
	GlobalSection(ExtensibilityGlobals) = postSolution
		SolutionGuid = {540082CE-8DF6-4EEE-A2B3-1618DEDD1BB3}
	EndGlobalSection
EndGlobal
